
Microsoft Visual Studio Solution File, Format Version 12.00
# Visual Studio Version 16
VisualStudioVersion = 16.0.31424.327
MinimumVisualStudioVersion = 10.0.40219.1
Project("{FAE04EC0-301F-11D3-BF4B-00C04F79EFBC}") = "High Tech Training Center", "High Tech Training Center.csproj", "{52E4A90E-8844-42F8-BCFB-E1224942FABC}"
EndProject
Global
	GlobalSection(SolutionConfigurationPlatforms) = preSolution
		Debug|Any CPU = Debug|Any CPU
		Release|Any CPU = Release|Any CPU
	EndGlobalSection
	GlobalSection(ProjectConfigurationPlatforms) = postSolution
		{52E4A90E-8844-42F8-BCFB-E1224942FABC}.Debug|Any CPU.ActiveCfg = Debug|Any CPU
		{52E4A90E-8844-42F8-BCFB-E1224942FABC}.Debug|Any CPU.Build.0 = Debug|Any CPU
		{52E4A90E-8844-42F8-BCFB-E1224942FABC}.Release|Any CPU.ActiveCfg = Release|Any CPU
		{52E4A90E-8844-42F8-BCFB-E1224942FABC}.Release|Any CPU.Build.0 = Release|Any CPU
	EndGlobalSection
	GlobalSection(SolutionProperties) = preSolution
		HideSolutionNode = FALSE
	EndGlobalSection
	GlobalSection(ExtensibilityGlobals) = postSolution
		SolutionGuid = {F41112FC-E255-4A29-B535-E9EF26861C25}
	EndGlobalSection
EndGlobal
